
Microsoft Visual Studio Solution File, Format Version 12.00
# Visual Studio Version 17
VisualStudioVersion = 17.0.31912.275
MinimumVisualStudioVersion = 10.0.40219.1
Project("{FAE04EC0-301F-11D3-BF4B-00C04F79EFBC}") = "opgave 4.1", "opgave 4.1\opgave 4.1.csproj", "{1EC32B81-F715-4A4A-8790-A51423F21A60}"
EndProject
Global
	GlobalSection(SolutionConfigurationPlatforms) = preSolution
		Debug|Any CPU = Debug|Any CPU
		Release|Any CPU = Release|Any CPU
	EndGlobalSection
	GlobalSection(ProjectConfigurationPlatforms) = postSolution
		{1EC32B81-F715-4A4A-8790-A51423F21A60}.Debug|Any CPU.ActiveCfg = Debug|Any CPU
		{1EC32B81-F715-4A4A-8790-A51423F21A60}.Debug|Any CPU.Build.0 = Debug|Any CPU
		{1EC32B81-F715-4A4A-8790-A51423F21A60}.Release|Any CPU.ActiveCfg = Release|Any CPU
		{1EC32B81-F715-4A4A-8790-A51423F21A60}.Release|Any CPU.Build.0 = Release|Any CPU
	EndGlobalSection
	GlobalSection(SolutionProperties) = preSolution
		HideSolutionNode = FALSE
	EndGlobalSection
	GlobalSection(ExtensibilityGlobals) = postSolution
		SolutionGuid = {A286FC5F-2CF9-4737-A7B4-7227CB760146}
	EndGlobalSection
EndGlobal
